
Microsoft Visual Studio Solution File, Format Version 12.00
# Visual Studio 15
VisualStudioVersion = 15.0.28307.421
MinimumVisualStudioVersion = 10.0.40219.1
Project("{888888A0-9F3D-457C-B088-3A5042F75D52}") = "tile_optimizer", "tile_optimizer\tile_optimizer.pyproj", "{884BE846-D9CD-4108-A58D-CD5F0DC56647}"
EndProject
Global
	GlobalSection(SolutionConfigurationPlatforms) = preSolution
		Debug|Any CPU = Debug|Any CPU
		Release|Any CPU = Release|Any CPU
	EndGlobalSection
	GlobalSection(ProjectConfigurationPlatforms) = postSolution
		{884BE846-D9CD-4108-A58D-CD5F0DC56647}.Debug|Any CPU.ActiveCfg = Debug|Any CPU
		{884BE846-D9CD-4108-A58D-CD5F0DC56647}.Release|Any CPU.ActiveCfg = Release|Any CPU
	EndGlobalSection
	GlobalSection(SolutionProperties) = preSolution
		HideSolutionNode = FALSE
	EndGlobalSection
	GlobalSection(ExtensibilityGlobals) = postSolution
		SolutionGuid = {F2A9D430-9131-49CA-9DCE-82BCC2FDE68B}
	EndGlobalSection
EndGlobal
